
Microsoft Visual Studio Solution File, Format Version 12.00
# Visual Studio 15
VisualStudioVersion = 15.0.27703.1
MinimumVisualStudioVersion = 10.0.40219.1
Project("{FAE04EC0-301F-11D3-BF4B-00C04F79EFBC}") = "IdentityServer", "IdentityServer\IdentityServer.csproj", "{F6D75293-F5DF-4872-A570-235B616D753E}"
EndProject
Global
	GlobalSection(SolutionConfigurationPlatforms) = preSolution
		Debug|Any CPU = Debug|Any CPU
		Release|Any CPU = Release|Any CPU
	EndGlobalSection
	GlobalSection(ProjectConfigurationPlatforms) = postSolution
		{F6D75293-F5DF-4872-A570-235B616D753E}.Debug|Any CPU.ActiveCfg = Debug|Any CPU
		{F6D75293-F5DF-4872-A570-235B616D753E}.Debug|Any CPU.Build.0 = Debug|Any CPU
		{F6D75293-F5DF-4872-A570-235B616D753E}.Release|Any CPU.ActiveCfg = Release|Any CPU
		{F6D75293-F5DF-4872-A570-235B616D753E}.Release|Any CPU.Build.0 = Release|Any CPU
	EndGlobalSection
	GlobalSection(SolutionProperties) = preSolution
		HideSolutionNode = FALSE
	EndGlobalSection
	GlobalSection(ExtensibilityGlobals) = postSolution
		SolutionGuid = {E539954E-47CE-4D6E-AE4B-7B23A4B23EE4}
	EndGlobalSection
EndGlobal
